// !$*UTF8*$!
{
	archiveVersion = 1;
	classes = {
	};
	objectVersion = 46;
	objects = {

/* Begin PBXBuildFile section */
		7E75B76A1C23FBE4000A735D /* AppDelegate.swift in Sources */ = {isa = PBXBuildFile; fileRef = 7E75B7691C23FBE4000A735D /* AppDelegate.swift */; };
		7E75B76C1C23FBE4000A735D /* ViewController.swift in Sources */ = {isa = PBXBuildFile; fileRef = 7E75B76B1C23FBE4000A735D /* ViewController.swift */; };
		7E75B76F1C23FBE4000A735D /* Main.storyboard in Resources */ = {isa = PBXBuildFile; fileRef = 7E75B76D1C23FBE4000A735D /* Main.storyboard */; };
		7E75B7711C23FBE4000A735D /* Assets.xcassets in Resources */ = {isa = PBXBuildFile; fileRef = 7E75B7701C23FBE4000A735D /* Assets.xcassets */; };
		7E75B7741C23FBE4000A735D /* LaunchScreen.storyboard in Resources */ = {isa = PBXBuildFile; fileRef = 7E75B7721C23FBE4000A735D /* LaunchScreen.storyboard */; };
/* End PBXBuildFile section */

/* Begin PBXFileReference section */
		7E75B7661C23FBE4000A735D /* TestVibration.app */ = {isa = PBXFileReference; explicitFileType = wrapper.application; includeInIndex = 0; path = TestVibration.app; sourceTree = BUILT_PRODUCTS_DIR; };
		7E75B7691C23FBE4000A735D /* AppDelegate.swift */ = {isa = PBXFileReference; lastKnownFileType = sourcecode.swift; path = AppDelegate.swift; sourceTree = "<group>"; };
		7E75B76B1C23FBE4000A735D /* ViewController.swift */ = {isa = PBXFileReference; lastKnownFileType = sourcecode.swift; path = ViewController.swift; sourceTree = "<group>"; };
		7E75B76E1C23FBE4000A735D /* Base */ = {isa = PBXFileReference; lastKnownFileType = file.storyboard; name = Base; path = Base.lproj/Main.storyboard; sourceTree = "<group>"; };
		7E75B7701C23FBE4000A735D /* Assets.xcassets */ = {isa = PBXFileReference; lastKnownFileType = folder.assetcatalog; path = Assets.xcassets; sourceTree = "<group>"; };
		7E75B7731C23FBE4000A735D /* Base */ = {isa = PBXFileReference; lastKnownFileType = file.storyboard; name = Base; path = Base.lproj/LaunchScreen.storyboard; sourceTree = "<group>"; };
		7E75B7751C23FBE4000A735D /* Info.plist */ = {isa = PBXFileReference; lastKnownFileType = text.plist.xml; path = Info.plist; sourceTree = "<group>"; };
/* End PBXFileReference section */

/* Begin PBXFrameworksBuildPhase section */
		7E75B7631C23FBE4000A735D /* Frameworks */ = {
			isa = PBXFrameworksBuildPhase;
			buildActionMask = 2147483647;
			files = (
			);
			runOnlyForDeploymentPostprocessing = 0;
		};
/* End PBXFrameworksBuildPhase section */

/* Begin PBXGroup section */
		7E75B75D1C23FBE4000A735D = {
			isa = PBXGroup;
			children = (
				7E75B7681C23FBE4000A735D /* TestVibration */,
				7E75B7671C23FBE4000A735D /* Products */,
			);
			sourceTree = "<group>";
		};
		7E75B7671C23FBE4000A735D /* Products */ = {
			isa = PBXGroup;
			children = (
				7E75B7661C23FBE4000A735D /* TestVibration.app */,
			);
			name = Products;
			sourceTree = "<group>";
		};
		7E75B7681C23FBE4000A735D /* TestVibration */ = {
			isa = PBXGroup;
			children = (
				7E75B7691C23FBE4000A735D /* AppDelegate.swift */,
				7E75B76B1C23FBE4000A735D /* ViewController.swift */,
				7E75B76D1C23FBE4000A735D /* Main.storyboard */,
				7E75B7701C23FBE4000A735D /* Assets.xcassets */,
				7E75B7721C23FBE4000A735D /* LaunchScreen.storyboard */,
				7E75B7751C23FBE4000A735D /* Info.plist */,
			);
			path = TestVibration;
			sourceTree = "<group>";
		};
/* End PBXGroup section */

/* Begin PBXNativeTarget section */
		7E75B7651C23FBE4000A735D /* TestVibration */ = {
			isa = PBXNativeTarget;
			buildConfigurationList = 7E75B7781C23FBE4000A735D /* Build configuration list for PBXNativeTarget "TestVibration" */;
			buildPhases = (
				7E75B7621C23FBE4000A735D /* Sources */,
				7E75B7631C23FBE4000A735D /* Frameworks */,
				7E75B7641C23FBE4000A735D /* Resources */,
			);
			buildRules = (
			);
			dependencies = (
			);
			name = TestVibration;
			productName = TestVibration;
			productReference = 7E75B7661C23FBE4000A735D /* TestVibration.app */;
			productType = "com.apple.product-type.application";
		};
/* End PBXNativeTarget section */

/* Begin PBXProject section */
		7E75B75E1C23FBE4000A735D /* Project object */ = {
			isa = PBXProject;
			attributes = {
				LastSwiftUpdateCheck = 0720;
				LastUpgradeCheck = 0720;
				ORGANIZATIONNAME = Hudl;
				TargetAttributes = {
					7E75B7651C23FBE4000A735D = {
						CreatedOnToolsVersion = 7.2;
					};
				};
			};
			buildConfigurationList = 7E75B7611C23FBE4000A735D /* Build configuration list for PBXProject "TestVibration" */;
			compatibilityVersion = "Xcode 3.2";
			developmentRegion = English;
			hasScannedForEncodings = 0;
			knownRegions = (
				en,
				Base,
			);
			mainGroup = 7E75B75D1C23FBE4000A735D;
			productRefGroup = 7E75B7671C23FBE4000A735D /* Products */;
			projectDirPath = "";
			projectRoot = "";
			targets = (
				7E75B7651C23FBE4000A735D /* TestVibration */,
			);
		};
/* End PBXProject section */

/* Begin PBXResourcesBuildPhase section */
		7E75B7641C23FBE4000A735D /* Resources */ = {
			isa = PBXResourcesBuildPhase;
			buildActionMask = 2147483647;
			files = (
				7E75B7741C23FBE4000A735D /* LaunchScreen.storyboard in Resources */,
				7E75B7711C23FBE4000A735D /* Assets.xcassets in Resources */,
				7E75B76F1C23FBE4000A735D /* Main.storyboard in Resources */,
			);
			runOnlyForDeploymentPostprocessing = 0;
		};
/* End PBXResourcesBuildPhase section */

/* Begin PBXSourcesBuildPhase section */
		7E75B7621C23FBE4000A735D /* Sources */ = {
			isa = PBXSourcesBuildPhase;
			buildActionMask = 2147483647;
			files = (
				7E75B76C1C23FBE4000A735D /* ViewController.swift in Sources */,
				7E75B76A1C23FBE4000A735D /* AppDelegate.swift in Sources */,
			);
			runOnlyForDeploymentPostprocessing = 0;
		};
/* End PBXSourcesBuildPhase section */

/* Begin PBXVariantGroup section */
		7E75B76D1C23FBE4000A735D /* Main.storyboard */ = {
			isa = PBXVariantGroup;
			children = (
				7E75B76E1C23FBE4000A735D /* Base */,
			);
			name = Main.storyboard;
			sourceTree = "<group>";
		};
		7E75B7721C23FBE4000A735D /* LaunchScreen.storyboard */ = {
			isa = PBXVariantGroup;
			children = (
				7E75B7731C23FBE4000A735D /* Base */,
			);
			name = LaunchScreen.storyboard;
			sourceTree = "<group>";
		};
/* End PBXVariantGroup section */

/* Begin XCBuildConfiguration section */
		7E75B7761C23FBE4000A735D /* Debug */ = {
			isa = XCBuildConfiguration;
			buildSettings = {
				ALWAYS_SEARCH_USER_PATHS = NO;
				CLANG_CXX_LANGUAGE_STANDARD = "gnu++0x";
				CLANG_CXX_LIBRARY = "libc++";
				CLANG_ENABLE_MODULES = YES;
				CLANG_ENABLE_OBJC_ARC = YES;
				CLANG_WARN_BOOL_CONVERSION = YES;
				CLANG_WARN_CONSTANT_CONVERSION = YES;
				CLANG_WARN_DIRECT_OBJC_ISA_USAGE = YES_ERROR;
				CLANG_WARN_EMPTY_BODY = YES;
				CLANG_WARN_ENUM_CONVERSION = YES;
				CLANG_WARN_INT_CONVERSION = YES;
				CLANG_WARN_OBJC_ROOT_CLASS = YES_ERROR;
				CLANG_WARN_UNREACHABLE_CODE = YES;
				CLANG_WARN__DUPLICATE_METHOD_MATCH = YES;
				"CODE_SIGN_IDENTITY[sdk=iphoneos*]" = "iPhone Developer";
				COPY_PHASE_STRIP = NO;
				DEBUG_INFORMATION_FORMAT = dwarf;
				ENABLE_STRICT_OBJC_MSGSEND = YES;
				ENABLE_TESTABILITY = YES;
				GCC_C_LANGUAGE_STANDARD = gnu99;
				GCC_DYNAMIC_NO_PIC = NO;
				GCC_NO_COMMON_BLOCKS = YES;
				GCC_OPTIMIZATION_LEVEL = 0;
				GCC_PREPROCESSOR_DEFINITIONS = (
					"DEBUG=1",
					"$(inherited)",
				);
				GCC_WARN_64_TO_32_BIT_CONVERSION = YES;
				GCC_WARN_ABOUT_RETURN_TYPE = YES_ERROR;
				GCC_WARN_UNDECLARED_SELECTOR = YES;
				GCC_WARN_UNINITIALIZED_AUTOS = YES_AGGRESSIVE;
				GCC_WARN_UNUSED_FUNCTION = YES;
				GCC_WARN_UNUSED_VARIABLE = YES;
				IPHONEOS_DEPLOYMENT_TARGET = 9.2;
				MTL_ENABLE_DEBUG_INFO = YES;
				ONLY_ACTIVE_ARCH = YES;
				SDKROOT = iphoneos;
				SWIFT_OPTIMIZATION_LEVEL = "-Onone";
			};
			name = Debug;
		};
		7E75B7771C23FBE4000A735D /* Release */ = {
			isa = XCBuildConfiguration;
			buildSettings = {
				ALWAYS_SEARCH_USER_PATHS = NO;
				CLANG_CXX_LANGUAGE_STANDARD = "gnu++0x";
				CLANG_CXX_LIBRARY = "libc++";
				CLANG_ENABLE_MODULES = YES;
				CLANG_ENABLE_OBJC_ARC = YES;
				CLANG_WARN_BOOL_CONVERSION = YES;
				CLANG_WARN_CONSTANT_CONVERSION = YES;
				CLANG_WARN_DIRECT_OBJC_ISA_USAGE = YES_ERROR;
				CLANG_WARN_EMPTY_BODY = YES;
				CLANG_WARN_ENUM_CONVERSION = YES;
				CLANG_WARN_INT_CONVERSION = YES;
				CLANG_WARN_OBJC_ROOT_CLASS = YES_ERROR;
				CLANG_WARN_UNREACHABLE_CODE = YES;
				CLANG_WARN__DUPLICATE_METHOD_MATCH = YES;
				"CODE_SIGN_IDENTITY[sdk=iphoneos*]" = "iPhone Developer";
				COPY_PHASE_STRIP = NO;
				DEBUG_INFORMATION_FORMAT = "dwarf-with-dsym";
				ENABLE_NS_ASSERTIONS = NO;
				ENABLE_STRICT_OBJC_MSGSEND = YES;
				GCC_C_LANGUAGE_STANDARD = gnu99;
				GCC_NO_COMMON_BLOCKS = YES;
				GCC_WARN_64_TO_32_BIT_CONVERSION = YES;
				GCC_WARN_ABOUT_RETURN_TYPE = YES_ERROR;
				GCC_WARN_UNDECLARED_SELECTOR = YES;
				GCC_WARN_UNINITIALIZED_AUTOS = YES_AGGRESSIVE;
				GCC_WARN_UNUSED_FUNCTION = YES;
				GCC_WARN_UNUSED_VARIABLE = YES;
				IPHONEOS_DEPLOYMENT_TARGET = 9.2;
				MTL_ENABLE_DEBUG_INFO = NO;
				SDKROOT = iphoneos;
				VALIDATE_PRODUCT = YES;
			};
			name = Release;
		};
		7E75B7791C23FBE4000A735D /* Debug */ = {
			isa = XCBuildConfiguration;
			buildSettings = {
				ASSETCATALOG_COMPILER_APPICON_NAME = AppIcon;
				INFOPLIST_FILE = TestVibration/Info.plist;
				LD_RUNPATH_SEARCH_PATHS = "$(inherited) @executable_path/Frameworks";
				PRODUCT_BUNDLE_IDENTIFIER = com.hudl.TestVibration;
				PRODUCT_NAME = "$(TARGET_NAME)";
			};
			name = Debug;
		};
		7E75B77A1C23FBE4000A735D /* Release */ = {
			isa = XCBuildConfiguration;
			buildSettings = {
				ASSETCATALOG_COMPILER_APPICON_NAME = AppIcon;
				INFOPLIST_FILE = TestVibration/Info.plist;
				LD_RUNPATH_SEARCH_PATHS = "$(inherited) @executable_path/Frameworks";
				PRODUCT_BUNDLE_IDENTIFIER = com.hudl.TestVibration;
				PRODUCT_NAME = "$(TARGET_NAME)";
			};
			name = Release;
		};
/* End XCBuildConfiguration section */

/* Begin XCConfigurationList section */
		7E75B7611C23FBE4000A735D /* Build configuration list for PBXProject "TestVibration" */ = {
			isa = XCConfigurationList;
			buildConfigurations = (
				7E75B7761C23FBE4000A735D /* Debug */,
				7E75B7771C23FBE4000A735D /* Release */,
			);
			defaultConfigurationIsVisible = 0;
			defaultConfigurationName = Release;
		};
		7E75B7781C23FBE4000A735D /* Build configuration list for PBXNativeTarget "TestVibration" */ = {
			isa = XCConfigurationList;
			buildConfigurations = (
				7E75B7791C23FBE4000A735D /* Debug */,
				7E75B77A1C23FBE4000A735D /* Release */,
			);
			defaultConfigurationIsVisible = 0;
		};
/* End XCConfigurationList section */
	};
	rootObject = 7E75B75E1C23FBE4000A735D /* Project object */;
}
